{
  "name": "tempisolatedtournamentlogic",
  "version": "1.0.0",
  "lockfileVersion": 3,
  "requires": true,
  "packages": {
    "": {
      "name": "tempisolatedtournamentlogic",
      "version": "1.0.0",
      "license": "ISC",
      "dependencies": {
        "edmonds-blossom": "^1.0.0"
      },
      "devDependencies": {
        "@types/node": "^24.0.10"
      }
    },
    "node_modules/@types/node": {
      "version": "24.0.10",
      "resolved": "https://registry.npmjs.org/@types/node/-/node-24.0.10.tgz",
      "integrity": "sha512-ENHwaH+JIRTDIEEbDK6QSQntAYGtbvdDXnMXnZaZ6k13Du1dPMmprkEHIL7ok2Wl2aZevetwTAb5S+7yIF+enA==",
      "dev": true,
      "license": "MIT",
      "dependencies": {
        "undici-types": "~7.8.0"
      }
    },
    "node_modules/edmonds-blossom": {
      "version": "1.0.0",
      "resolved": "https://registry.npmjs.org/edmonds-blossom/-/edmonds-blossom-1.0.0.tgz",
      "integrity": "sha512-wz18RgLg21nW4afc80d080fZuAjiaePfSoHje56aOiH8mO6O5Mc/VAv7s8bCBJkxsks37e0cYTS0dNirsQ4/rg==",
      "license": "MIT"
    },
    "node_modules/undici-types": {
      "version": "7.8.0",
      "resolved": "https://registry.npmjs.org/undici-types/-/undici-types-7.8.0.tgz",
      "integrity": "sha512-9UJ2xGDvQ43tYyVMpuHlsgApydB8ZKfVYTsLDhXkFL/6gfkp+U8xTGdh8pMJv1SpZna0zxG1DwsKZsreLbXBxw==",
      "dev": true,
      "license": "MIT"
    }
  }
}
